// !$*UTF8*$!
{
	archiveVersion = 1;
	classes = {
	};
	objectVersion = 50;
	objects = {

/* Begin PBXBuildFile section */
		352394A0226F1913000D880A /* ARViewController.swift in Sources */ = {isa = PBXBuildFile; fileRef = 3523949F226F1913000D880A /* ARViewController.swift */; };
		352394A2226F21A3000D880A /* ARHandler.swift in Sources */ = {isa = PBXBuildFile; fileRef = 352394A1226F21A3000D880A /* ARHandler.swift */; };
		352394A4226F244C000D880A /* MainViewController.swift in Sources */ = {isa = PBXBuildFile; fileRef = 352394A3226F244C000D880A /* MainViewController.swift */; };
		352A495A2244C66400E2E0CB /* AppDelegate.swift in Sources */ = {isa = PBXBuildFile; fileRef = 352A49592244C66400E2E0CB /* AppDelegate.swift */; };
		352A495F2244C66400E2E0CB /* Main.storyboard in Resources */ = {isa = PBXBuildFile; fileRef = 352A495D2244C66400E2E0CB /* Main.storyboard */; };
		352A49612244C66600E2E0CB /* Assets.xcassets in Resources */ = {isa = PBXBuildFile; fileRef = 352A49602244C66600E2E0CB /* Assets.xcassets */; };
		352A49642244C66600E2E0CB /* LaunchScreen.storyboard in Resources */ = {isa = PBXBuildFile; fileRef = 352A49622244C66600E2E0CB /* LaunchScreen.storyboard */; };
		352A496F2244C66600E2E0CB /* ARKitWalkthroughTests.swift in Sources */ = {isa = PBXBuildFile; fileRef = 352A496E2244C66600E2E0CB /* ARKitWalkthroughTests.swift */; };
		352A497B2244C6A100E2E0CB /* ARKit.framework in Frameworks */ = {isa = PBXBuildFile; fileRef = 352A497A2244C6A100E2E0CB /* ARKit.framework */; };
		352A497D2244C98200E2E0CB /* DebugHandler.swift in Sources */ = {isa = PBXBuildFile; fileRef = 352A497C2244C98200E2E0CB /* DebugHandler.swift */; };
		3544E57322951C650092798D /* How Digital Can Bring Buildings To Life  Cognizant.mp4 in Resources */ = {isa = PBXBuildFile; fileRef = 3544E57222951C650092798D /* How Digital Can Bring Buildings To Life  Cognizant.mp4 */; };
		356B8C0A228BEBF10077F342 /* ARPlaneAnchor+Extensions.swift in Sources */ = {isa = PBXBuildFile; fileRef = 356B8C09228BEBF10077F342 /* ARPlaneAnchor+Extensions.swift */; };
		356B8C0C228D1D420077F342 /* CoordinateSpacesHandler.swift in Sources */ = {isa = PBXBuildFile; fileRef = 356B8C0B228D1D420077F342 /* CoordinateSpacesHandler.swift */; };
		356B8C0E228D1DDC0077F342 /* ObjectOnPlaneHandler.swift in Sources */ = {isa = PBXBuildFile; fileRef = 356B8C0D228D1DDC0077F342 /* ObjectOnPlaneHandler.swift */; };
		356B8C10228D1FD20077F342 /* InteractionsHandler.swift in Sources */ = {isa = PBXBuildFile; fileRef = 356B8C0F228D1FD20077F342 /* InteractionsHandler.swift */; };
		356B8C12228DAF310077F342 /* scene.scnassets in Resources */ = {isa = PBXBuildFile; fileRef = 356B8C11228DAF310077F342 /* scene.scnassets */; };
		356B8C15228E729B0077F342 /* OnScreenButton.swift in Sources */ = {isa = PBXBuildFile; fileRef = 356B8C14228E729B0077F342 /* OnScreenButton.swift */; };
		356B8C17228E829A0077F342 /* UIStackView+Extensions.swift in Sources */ = {isa = PBXBuildFile; fileRef = 356B8C16228E829A0077F342 /* UIStackView+Extensions.swift */; };
		356BA8FD2292E8450089FCBA /* CupSceneAssets.scnassets in Resources */ = {isa = PBXBuildFile; fileRef = 356BA8FC2292E8450089FCBA /* CupSceneAssets.scnassets */; };
		35AC8993228BC9D0009D80AC /* MatricesHandler.swift in Sources */ = {isa = PBXBuildFile; fileRef = 35AC8992228BC9D0009D80AC /* MatricesHandler.swift */; };
		35E1000E2271EAC000BBBD28 /* TrackingHandler.swift in Sources */ = {isa = PBXBuildFile; fileRef = 35E1000D2271EAC000BBBD28 /* TrackingHandler.swift */; };
		35E1001422721E5700BBBD28 /* UIColor+Extensions.swift in Sources */ = {isa = PBXBuildFile; fileRef = 35E1001322721E5700BBBD28 /* UIColor+Extensions.swift */; };
/* End PBXBuildFile section */

/* Begin PBXContainerItemProxy section */
		352A496B2244C66600E2E0CB /* PBXContainerItemProxy */ = {
			isa = PBXContainerItemProxy;
			containerPortal = 352A494E2244C66400E2E0CB /* Project object */;
			proxyType = 1;
			remoteGlobalIDString = 352A49552244C66400E2E0CB;
			remoteInfo = ARKitWalkthrough;
		};
/* End PBXContainerItemProxy section */

/* Begin PBXFileReference section */
		3523949F226F1913000D880A /* ARViewController.swift */ = {isa = PBXFileReference; lastKnownFileType = sourcecode.swift; path = ARViewController.swift; sourceTree = "<group>"; };
		352394A1226F21A3000D880A /* ARHandler.swift */ = {isa = PBXFileReference; lastKnownFileType = sourcecode.swift; path = ARHandler.swift; sourceTree = "<group>"; };
		352394A3226F244C000D880A /* MainViewController.swift */ = {isa = PBXFileReference; lastKnownFileType = sourcecode.swift; path = MainViewController.swift; sourceTree = "<group>"; };
		352A49562244C66400E2E0CB /* ARKitWalkthrough.app */ = {isa = PBXFileReference; explicitFileType = wrapper.application; includeInIndex = 0; path = ARKitWalkthrough.app; sourceTree = BUILT_PRODUCTS_DIR; };
		352A49592244C66400E2E0CB /* AppDelegate.swift */ = {isa = PBXFileReference; lastKnownFileType = sourcecode.swift; path = AppDelegate.swift; sourceTree = "<group>"; };
		352A495E2244C66400E2E0CB /* Base */ = {isa = PBXFileReference; lastKnownFileType = file.storyboard; name = Base; path = Base.lproj/Main.storyboard; sourceTree = "<group>"; };
		352A49602244C66600E2E0CB /* Assets.xcassets */ = {isa = PBXFileReference; lastKnownFileType = folder.assetcatalog; path = Assets.xcassets; sourceTree = "<group>"; };
		352A49632244C66600E2E0CB /* Base */ = {isa = PBXFileReference; lastKnownFileType = file.storyboard; name = Base; path = Base.lproj/LaunchScreen.storyboard; sourceTree = "<group>"; };
		352A49652244C66600E2E0CB /* Info.plist */ = {isa = PBXFileReference; lastKnownFileType = text.plist.xml; path = Info.plist; sourceTree = "<group>"; };
		352A496A2244C66600E2E0CB /* ARKitWalkthroughTests.xctest */ = {isa = PBXFileReference; explicitFileType = wrapper.cfbundle; includeInIndex = 0; path = ARKitWalkthroughTests.xctest; sourceTree = BUILT_PRODUCTS_DIR; };
		352A496E2244C66600E2E0CB /* ARKitWalkthroughTests.swift */ = {isa = PBXFileReference; lastKnownFileType = sourcecode.swift; path = ARKitWalkthroughTests.swift; sourceTree = "<group>"; };
		352A49702244C66600E2E0CB /* Info.plist */ = {isa = PBXFileReference; lastKnownFileType = text.plist.xml; path = Info.plist; sourceTree = "<group>"; };
		352A497A2244C6A100E2E0CB /* ARKit.framework */ = {isa = PBXFileReference; lastKnownFileType = wrapper.framework; name = ARKit.framework; path = System/Library/Frameworks/ARKit.framework; sourceTree = SDKROOT; };
		352A497C2244C98200E2E0CB /* DebugHandler.swift */ = {isa = PBXFileReference; lastKnownFileType = sourcecode.swift; path = DebugHandler.swift; sourceTree = "<group>"; };
		3544E57222951C650092798D /* How Digital Can Bring Buildings To Life  Cognizant.mp4 */ = {isa = PBXFileReference; lastKnownFileType = file; path = "How Digital Can Bring Buildings To Life  Cognizant.mp4"; sourceTree = "<group>"; };
		356B8C09228BEBF10077F342 /* ARPlaneAnchor+Extensions.swift */ = {isa = PBXFileReference; lastKnownFileType = sourcecode.swift; path = "ARPlaneAnchor+Extensions.swift"; sourceTree = "<group>"; };
		356B8C0B228D1D420077F342 /* CoordinateSpacesHandler.swift */ = {isa = PBXFileReference; lastKnownFileType = sourcecode.swift; path = CoordinateSpacesHandler.swift; sourceTree = "<group>"; };
		356B8C0D228D1DDC0077F342 /* ObjectOnPlaneHandler.swift */ = {isa = PBXFileReference; lastKnownFileType = sourcecode.swift; path = ObjectOnPlaneHandler.swift; sourceTree = "<group>"; };
		356B8C0F228D1FD20077F342 /* InteractionsHandler.swift */ = {isa = PBXFileReference; lastKnownFileType = sourcecode.swift; path = InteractionsHandler.swift; sourceTree = "<group>"; };
		356B8C11228DAF310077F342 /* scene.scnassets */ = {isa = PBXFileReference; lastKnownFileType = wrapper.scnassets; path = scene.scnassets; sourceTree = "<group>"; };
		356B8C14228E729B0077F342 /* OnScreenButton.swift */ = {isa = PBXFileReference; lastKnownFileType = sourcecode.swift; path = OnScreenButton.swift; sourceTree = "<group>"; };
		356B8C16228E829A0077F342 /* UIStackView+Extensions.swift */ = {isa = PBXFileReference; lastKnownFileType = sourcecode.swift; path = "UIStackView+Extensions.swift"; sourceTree = "<group>"; };
		356BA8FC2292E8450089FCBA /* CupSceneAssets.scnassets */ = {isa = PBXFileReference; lastKnownFileType = wrapper.scnassets; path = CupSceneAssets.scnassets; sourceTree = "<group>"; };
		35AC8992228BC9D0009D80AC /* MatricesHandler.swift */ = {isa = PBXFileReference; lastKnownFileType = sourcecode.swift; path = MatricesHandler.swift; sourceTree = "<group>"; };
		35E1000D2271EAC000BBBD28 /* TrackingHandler.swift */ = {isa = PBXFileReference; lastKnownFileType = sourcecode.swift; path = TrackingHandler.swift; sourceTree = "<group>"; };
		35E1001322721E5700BBBD28 /* UIColor+Extensions.swift */ = {isa = PBXFileReference; lastKnownFileType = sourcecode.swift; path = "UIColor+Extensions.swift"; sourceTree = "<group>"; };
/* End PBXFileReference section */

/* Begin PBXFrameworksBuildPhase section */
		352A49532244C66400E2E0CB /* Frameworks */ = {
			isa = PBXFrameworksBuildPhase;
			buildActionMask = 2147483647;
			files = (
				352A497B2244C6A100E2E0CB /* ARKit.framework in Frameworks */,
			);
			runOnlyForDeploymentPostprocessing = 0;
		};
		352A49672244C66600E2E0CB /* Frameworks */ = {
			isa = PBXFrameworksBuildPhase;
			buildActionMask = 2147483647;
			files = (
			);
			runOnlyForDeploymentPostprocessing = 0;
		};
/* End PBXFrameworksBuildPhase section */

/* Begin PBXGroup section */
		352A494D2244C66400E2E0CB = {
			isa = PBXGroup;
			children = (
				352A49582244C66400E2E0CB /* ARKitWalkthrough */,
				352A496D2244C66600E2E0CB /* ARKitWalkthroughTests */,
				352A49572244C66400E2E0CB /* Products */,
				352A49792244C6A100E2E0CB /* Frameworks */,
			);
			sourceTree = "<group>";
		};
		352A49572244C66400E2E0CB /* Products */ = {
			isa = PBXGroup;
			children = (
				352A49562244C66400E2E0CB /* ARKitWalkthrough.app */,
				352A496A2244C66600E2E0CB /* ARKitWalkthroughTests.xctest */,
			);
			name = Products;
			sourceTree = "<group>";
		};
		352A49582244C66400E2E0CB /* ARKitWalkthrough */ = {
			isa = PBXGroup;
			children = (
				352A49592244C66400E2E0CB /* AppDelegate.swift */,
				352A495D2244C66400E2E0CB /* Main.storyboard */,
				352394A3226F244C000D880A /* MainViewController.swift */,
				3523949F226F1913000D880A /* ARViewController.swift */,
				356B8C13228E72580077F342 /* Views */,
				35E100152272DBEE00BBBD28 /* Handlers */,
				35E1001222721E4300BBBD28 /* Extensions */,
				35E100112271ED8100BBBD28 /* resources */,
				352A49602244C66600E2E0CB /* Assets.xcassets */,
				352A49622244C66600E2E0CB /* LaunchScreen.storyboard */,
				352A49652244C66600E2E0CB /* Info.plist */,
				356B8C11228DAF310077F342 /* scene.scnassets */,
				356BA8FC2292E8450089FCBA /* CupSceneAssets.scnassets */,
			);
			path = ARKitWalkthrough;
			sourceTree = "<group>";
		};
		352A496D2244C66600E2E0CB /* ARKitWalkthroughTests */ = {
			isa = PBXGroup;
			children = (
				352A496E2244C66600E2E0CB /* ARKitWalkthroughTests.swift */,
				352A49702244C66600E2E0CB /* Info.plist */,
			);
			path = ARKitWalkthroughTests;
			sourceTree = "<group>";
		};
		352A49792244C6A100E2E0CB /* Frameworks */ = {
			isa = PBXGroup;
			children = (
				352A497A2244C6A100E2E0CB /* ARKit.framework */,
			);
			name = Frameworks;
			sourceTree = "<group>";
		};
		356B8C13228E72580077F342 /* Views */ = {
			isa = PBXGroup;
			children = (
				356B8C14228E729B0077F342 /* OnScreenButton.swift */,
			);
			path = Views;
			sourceTree = "<group>";
		};
		35E100112271ED8100BBBD28 /* resources */ = {
			isa = PBXGroup;
			children = (
				3544E57222951C650092798D /* How Digital Can Bring Buildings To Life  Cognizant.mp4 */,
			);
			path = resources;
			sourceTree = "<group>";
		};
		35E1001222721E4300BBBD28 /* Extensions */ = {
			isa = PBXGroup;
			children = (
				35E1001322721E5700BBBD28 /* UIColor+Extensions.swift */,
				356B8C09228BEBF10077F342 /* ARPlaneAnchor+Extensions.swift */,
				356B8C16228E829A0077F342 /* UIStackView+Extensions.swift */,
			);
			path = Extensions;
			sourceTree = "<group>";
		};
		35E100152272DBEE00BBBD28 /* Handlers */ = {
			isa = PBXGroup;
			children = (
				352394A1226F21A3000D880A /* ARHandler.swift */,
				352A497C2244C98200E2E0CB /* DebugHandler.swift */,
				35E1000D2271EAC000BBBD28 /* TrackingHandler.swift */,
				356B8C0B228D1D420077F342 /* CoordinateSpacesHandler.swift */,
				356B8C0D228D1DDC0077F342 /* ObjectOnPlaneHandler.swift */,
				35AC8992228BC9D0009D80AC /* MatricesHandler.swift */,
				356B8C0F228D1FD20077F342 /* InteractionsHandler.swift */,
			);
			path = Handlers;
			sourceTree = "<group>";
		};
/* End PBXGroup section */

/* Begin PBXNativeTarget section */
		352A49552244C66400E2E0CB /* ARKitWalkthrough */ = {
			isa = PBXNativeTarget;
			buildConfigurationList = 352A49732244C66600E2E0CB /* Build configuration list for PBXNativeTarget "ARKitWalkthrough" */;
			buildPhases = (
				352A49522244C66400E2E0CB /* Sources */,
				352A49532244C66400E2E0CB /* Frameworks */,
				352A49542244C66400E2E0CB /* Resources */,
			);
			buildRules = (
			);
			dependencies = (
			);
			name = ARKitWalkthrough;
			productName = ARKitWalkthrough;
			productReference = 352A49562244C66400E2E0CB /* ARKitWalkthrough.app */;
			productType = "com.apple.product-type.application";
		};
		352A49692244C66600E2E0CB /* ARKitWalkthroughTests */ = {
			isa = PBXNativeTarget;
			buildConfigurationList = 352A49762244C66600E2E0CB /* Build configuration list for PBXNativeTarget "ARKitWalkthroughTests" */;
			buildPhases = (
				352A49662244C66600E2E0CB /* Sources */,
				352A49672244C66600E2E0CB /* Frameworks */,
				352A49682244C66600E2E0CB /* Resources */,
			);
			buildRules = (
			);
			dependencies = (
				352A496C2244C66600E2E0CB /* PBXTargetDependency */,
			);
			name = ARKitWalkthroughTests;
			productName = ARKitWalkthroughTests;
			productReference = 352A496A2244C66600E2E0CB /* ARKitWalkthroughTests.xctest */;
			productType = "com.apple.product-type.bundle.unit-test";
		};
/* End PBXNativeTarget section */

/* Begin PBXProject section */
		352A494E2244C66400E2E0CB /* Project object */ = {
			isa = PBXProject;
			attributes = {
				LastSwiftUpdateCheck = 1010;
				LastUpgradeCheck = 1010;
				ORGANIZATIONNAME = "Para Molina, Jorge (Cognizant)";
				TargetAttributes = {
					352A49552244C66400E2E0CB = {
						CreatedOnToolsVersion = 10.1;
						LastSwiftMigration = 1020;
					};
					352A49692244C66600E2E0CB = {
						CreatedOnToolsVersion = 10.1;
						LastSwiftMigration = 1020;
						TestTargetID = 352A49552244C66400E2E0CB;
					};
				};
			};
			buildConfigurationList = 352A49512244C66400E2E0CB /* Build configuration list for PBXProject "ARKitWalkthrough" */;
			compatibilityVersion = "Xcode 9.3";
			developmentRegion = en;
			hasScannedForEncodings = 0;
			knownRegions = (
				en,
				Base,
			);
			mainGroup = 352A494D2244C66400E2E0CB;
			productRefGroup = 352A49572244C66400E2E0CB /* Products */;
			projectDirPath = "";
			projectRoot = "";
			targets = (
				352A49552244C66400E2E0CB /* ARKitWalkthrough */,
				352A49692244C66600E2E0CB /* ARKitWalkthroughTests */,
			);
		};
/* End PBXProject section */

/* Begin PBXResourcesBuildPhase section */
		352A49542244C66400E2E0CB /* Resources */ = {
			isa = PBXResourcesBuildPhase;
			buildActionMask = 2147483647;
			files = (
				356B8C12228DAF310077F342 /* scene.scnassets in Resources */,
				352A49642244C66600E2E0CB /* LaunchScreen.storyboard in Resources */,
				352A49612244C66600E2E0CB /* Assets.xcassets in Resources */,
				356BA8FD2292E8450089FCBA /* CupSceneAssets.scnassets in Resources */,
				3544E57322951C650092798D /* How Digital Can Bring Buildings To Life  Cognizant.mp4 in Resources */,
				352A495F2244C66400E2E0CB /* Main.storyboard in Resources */,
			);
			runOnlyForDeploymentPostprocessing = 0;
		};
		352A49682244C66600E2E0CB /* Resources */ = {
			isa = PBXResourcesBuildPhase;
			buildActionMask = 2147483647;
			files = (
			);
			runOnlyForDeploymentPostprocessing = 0;
		};
/* End PBXResourcesBuildPhase section */

/* Begin PBXSourcesBuildPhase section */
		352A49522244C66400E2E0CB /* Sources */ = {
			isa = PBXSourcesBuildPhase;
			buildActionMask = 2147483647;
			files = (
				35E1001422721E5700BBBD28 /* UIColor+Extensions.swift in Sources */,
				352394A2226F21A3000D880A /* ARHandler.swift in Sources */,
				356B8C0A228BEBF10077F342 /* ARPlaneAnchor+Extensions.swift in Sources */,
				352A497D2244C98200E2E0CB /* DebugHandler.swift in Sources */,
				352394A0226F1913000D880A /* ARViewController.swift in Sources */,
				356B8C0C228D1D420077F342 /* CoordinateSpacesHandler.swift in Sources */,
				356B8C15228E729B0077F342 /* OnScreenButton.swift in Sources */,
				352A495A2244C66400E2E0CB /* AppDelegate.swift in Sources */,
				352394A4226F244C000D880A /* MainViewController.swift in Sources */,
				356B8C0E228D1DDC0077F342 /* ObjectOnPlaneHandler.swift in Sources */,
				356B8C10228D1FD20077F342 /* InteractionsHandler.swift in Sources */,
				356B8C17228E829A0077F342 /* UIStackView+Extensions.swift in Sources */,
				35AC8993228BC9D0009D80AC /* MatricesHandler.swift in Sources */,
				35E1000E2271EAC000BBBD28 /* TrackingHandler.swift in Sources */,
			);
			runOnlyForDeploymentPostprocessing = 0;
		};
		352A49662244C66600E2E0CB /* Sources */ = {
			isa = PBXSourcesBuildPhase;
			buildActionMask = 2147483647;
			files = (
				352A496F2244C66600E2E0CB /* ARKitWalkthroughTests.swift in Sources */,
			);
			runOnlyForDeploymentPostprocessing = 0;
		};
/* End PBXSourcesBuildPhase section */

/* Begin PBXTargetDependency section */
		352A496C2244C66600E2E0CB /* PBXTargetDependency */ = {
			isa = PBXTargetDependency;
			target = 352A49552244C66400E2E0CB /* ARKitWalkthrough */;
			targetProxy = 352A496B2244C66600E2E0CB /* PBXContainerItemProxy */;
		};
/* End PBXTargetDependency section */

/* Begin PBXVariantGroup section */
		352A495D2244C66400E2E0CB /* Main.storyboard */ = {
			isa = PBXVariantGroup;
			children = (
				352A495E2244C66400E2E0CB /* Base */,
			);
			name = Main.storyboard;
			sourceTree = "<group>";
		};
		352A49622244C66600E2E0CB /* LaunchScreen.storyboard */ = {
			isa = PBXVariantGroup;
			children = (
				352A49632244C66600E2E0CB /* Base */,
			);
			name = LaunchScreen.storyboard;
			sourceTree = "<group>";
		};
/* End PBXVariantGroup section */

/* Begin XCBuildConfiguration section */
		352A49712244C66600E2E0CB /* Debug */ = {
			isa = XCBuildConfiguration;
			buildSettings = {
				ALWAYS_SEARCH_USER_PATHS = NO;
				CLANG_ANALYZER_NONNULL = YES;
				CLANG_ANALYZER_NUMBER_OBJECT_CONVERSION = YES_AGGRESSIVE;
				CLANG_CXX_LANGUAGE_STANDARD = "gnu++14";
				CLANG_CXX_LIBRARY = "libc++";
				CLANG_ENABLE_MODULES = YES;
				CLANG_ENABLE_OBJC_ARC = YES;
				CLANG_ENABLE_OBJC_WEAK = YES;
				CLANG_WARN_BLOCK_CAPTURE_AUTORELEASING = YES;
				CLANG_WARN_BOOL_CONVERSION = YES;
				CLANG_WARN_COMMA = YES;
				CLANG_WARN_CONSTANT_CONVERSION = YES;
				CLANG_WARN_DEPRECATED_OBJC_IMPLEMENTATIONS = YES;
				CLANG_WARN_DIRECT_OBJC_ISA_USAGE = YES_ERROR;
				CLANG_WARN_DOCUMENTATION_COMMENTS = YES;
				CLANG_WARN_EMPTY_BODY = YES;
				CLANG_WARN_ENUM_CONVERSION = YES;
				CLANG_WARN_INFINITE_RECURSION = YES;
				CLANG_WARN_INT_CONVERSION = YES;
				CLANG_WARN_NON_LITERAL_NULL_CONVERSION = YES;
				CLANG_WARN_OBJC_IMPLICIT_RETAIN_SELF = YES;
				CLANG_WARN_OBJC_LITERAL_CONVERSION = YES;
				CLANG_WARN_OBJC_ROOT_CLASS = YES_ERROR;
				CLANG_WARN_RANGE_LOOP_ANALYSIS = YES;
				CLANG_WARN_STRICT_PROTOTYPES = YES;
				CLANG_WARN_SUSPICIOUS_MOVE = YES;
				CLANG_WARN_UNGUARDED_AVAILABILITY = YES_AGGRESSIVE;
				CLANG_WARN_UNREACHABLE_CODE = YES;
				CLANG_WARN__DUPLICATE_METHOD_MATCH = YES;
				CODE_SIGN_IDENTITY = "iPhone Developer";
				COPY_PHASE_STRIP = NO;
				DEBUG_INFORMATION_FORMAT = dwarf;
				ENABLE_STRICT_OBJC_MSGSEND = YES;
				ENABLE_TESTABILITY = YES;
				GCC_C_LANGUAGE_STANDARD = gnu11;
				GCC_DYNAMIC_NO_PIC = NO;
				GCC_NO_COMMON_BLOCKS = YES;
				GCC_OPTIMIZATION_LEVEL = 0;
				GCC_PREPROCESSOR_DEFINITIONS = (
					"DEBUG=1",
					"$(inherited)",
				);
				GCC_WARN_64_TO_32_BIT_CONVERSION = YES;
				GCC_WARN_ABOUT_RETURN_TYPE = YES_ERROR;
				GCC_WARN_UNDECLARED_SELECTOR = YES;
				GCC_WARN_UNINITIALIZED_AUTOS = YES_AGGRESSIVE;
				GCC_WARN_UNUSED_FUNCTION = YES;
				GCC_WARN_UNUSED_VARIABLE = YES;
				IPHONEOS_DEPLOYMENT_TARGET = 12.1;
				MTL_ENABLE_DEBUG_INFO = INCLUDE_SOURCE;
				MTL_FAST_MATH = YES;
				ONLY_ACTIVE_ARCH = YES;
				SDKROOT = iphoneos;
				SWIFT_ACTIVE_COMPILATION_CONDITIONS = DEBUG;
				SWIFT_OPTIMIZATION_LEVEL = "-Onone";
			};
			name = Debug;
		};
		352A49722244C66600E2E0CB /* Release */ = {
			isa = XCBuildConfiguration;
			buildSettings = {
				ALWAYS_SEARCH_USER_PATHS = NO;
				CLANG_ANALYZER_NONNULL = YES;
				CLANG_ANALYZER_NUMBER_OBJECT_CONVERSION = YES_AGGRESSIVE;
				CLANG_CXX_LANGUAGE_STANDARD = "gnu++14";
				CLANG_CXX_LIBRARY = "libc++";
				CLANG_ENABLE_MODULES = YES;
				CLANG_ENABLE_OBJC_ARC = YES;
				CLANG_ENABLE_OBJC_WEAK = YES;
				CLANG_WARN_BLOCK_CAPTURE_AUTORELEASING = YES;
				CLANG_WARN_BOOL_CONVERSION = YES;
				CLANG_WARN_COMMA = YES;
				CLANG_WARN_CONSTANT_CONVERSION = YES;
				CLANG_WARN_DEPRECATED_OBJC_IMPLEMENTATIONS = YES;
				CLANG_WARN_DIRECT_OBJC_ISA_USAGE = YES_ERROR;
				CLANG_WARN_DOCUMENTATION_COMMENTS = YES;
				CLANG_WARN_EMPTY_BODY = YES;
				CLANG_WARN_ENUM_CONVERSION = YES;
				CLANG_WARN_INFINITE_RECURSION = YES;
				CLANG_WARN_INT_CONVERSION = YES;
				CLANG_WARN_NON_LITERAL_NULL_CONVERSION = YES;
				CLANG_WARN_OBJC_IMPLICIT_RETAIN_SELF = YES;
				CLANG_WARN_OBJC_LITERAL_CONVERSION = YES;
				CLANG_WARN_OBJC_ROOT_CLASS = YES_ERROR;
				CLANG_WARN_RANGE_LOOP_ANALYSIS = YES;
				CLANG_WARN_STRICT_PROTOTYPES = YES;
				CLANG_WARN_SUSPICIOUS_MOVE = YES;
				CLANG_WARN_UNGUARDED_AVAILABILITY = YES_AGGRESSIVE;
				CLANG_WARN_UNREACHABLE_CODE = YES;
				CLANG_WARN__DUPLICATE_METHOD_MATCH = YES;
				CODE_SIGN_IDENTITY = "iPhone Developer";
				COPY_PHASE_STRIP = NO;
				DEBUG_INFORMATION_FORMAT = "dwarf-with-dsym";
				ENABLE_NS_ASSERTIONS = NO;
				ENABLE_STRICT_OBJC_MSGSEND = YES;
				GCC_C_LANGUAGE_STANDARD = gnu11;
				GCC_NO_COMMON_BLOCKS = YES;
				GCC_WARN_64_TO_32_BIT_CONVERSION = YES;
				GCC_WARN_ABOUT_RETURN_TYPE = YES_ERROR;
				GCC_WARN_UNDECLARED_SELECTOR = YES;
				GCC_WARN_UNINITIALIZED_AUTOS = YES_AGGRESSIVE;
				GCC_WARN_UNUSED_FUNCTION = YES;
				GCC_WARN_UNUSED_VARIABLE = YES;
				IPHONEOS_DEPLOYMENT_TARGET = 12.1;
				MTL_ENABLE_DEBUG_INFO = NO;
				MTL_FAST_MATH = YES;
				SDKROOT = iphoneos;
				SWIFT_COMPILATION_MODE = wholemodule;
				SWIFT_OPTIMIZATION_LEVEL = "-O";
				VALIDATE_PRODUCT = YES;
			};
			name = Release;
		};
		352A49742244C66600E2E0CB /* Debug */ = {
			isa = XCBuildConfiguration;
			buildSettings = {
				ASSETCATALOG_COMPILER_APPICON_NAME = AppIcon;
				CODE_SIGN_STYLE = Manual;
				DEVELOPMENT_TEAM = K2DHJK8V2P;
				INFOPLIST_FILE = ARKitWalkthrough/Info.plist;
				LD_RUNPATH_SEARCH_PATHS = (
					"$(inherited)",
					"@executable_path/Frameworks",
				);
				PRODUCT_BUNDLE_IDENTIFIER = com.cognizant.cdbintspain.ARKitWalkthrough;
				PRODUCT_NAME = "$(TARGET_NAME)";
				PROVISIONING_PROFILE_SPECIFIER = "Wildcard Dev";
				SWIFT_VERSION = 5.0;
				TARGETED_DEVICE_FAMILY = 1;
			};
			name = Debug;
		};
		352A49752244C66600E2E0CB /* Release */ = {
			isa = XCBuildConfiguration;
			buildSettings = {
				ASSETCATALOG_COMPILER_APPICON_NAME = AppIcon;
				CODE_SIGN_STYLE = Manual;
				DEVELOPMENT_TEAM = K2DHJK8V2P;
				INFOPLIST_FILE = ARKitWalkthrough/Info.plist;
				LD_RUNPATH_SEARCH_PATHS = (
					"$(inherited)",
					"@executable_path/Frameworks",
				);
				PRODUCT_BUNDLE_IDENTIFIER = com.cognizant.cdbintspain.ARKitWalkthrough;
				PRODUCT_NAME = "$(TARGET_NAME)";
				PROVISIONING_PROFILE_SPECIFIER = "Wildcard Dev";
				SWIFT_VERSION = 5.0;
				TARGETED_DEVICE_FAMILY = 1;
			};
			name = Release;
		};
		352A49772244C66600E2E0CB /* Debug */ = {
			isa = XCBuildConfiguration;
			buildSettings = {
				ALWAYS_EMBED_SWIFT_STANDARD_LIBRARIES = YES;
				BUNDLE_LOADER = "$(TEST_HOST)";
				CODE_SIGN_STYLE = Automatic;
				DEVELOPMENT_TEAM = K2DHJK8V2P;
				INFOPLIST_FILE = ARKitWalkthroughTests/Info.plist;
				LD_RUNPATH_SEARCH_PATHS = (
					"$(inherited)",
					"@executable_path/Frameworks",
					"@loader_path/Frameworks",
				);
				PRODUCT_BUNDLE_IDENTIFIER = com.cognizant.cdbintspain.ARKitWalkthroughTests;
				PRODUCT_NAME = "$(TARGET_NAME)";
				SWIFT_VERSION = 5.0;
				TARGETED_DEVICE_FAMILY = "1,2";
				TEST_HOST = "$(BUILT_PRODUCTS_DIR)/ARKitWalkthrough.app/ARKitWalkthrough";
			};
			name = Debug;
		};
		352A49782244C66600E2E0CB /* Release */ = {
			isa = XCBuildConfiguration;
			buildSettings = {
				ALWAYS_EMBED_SWIFT_STANDARD_LIBRARIES = YES;
				BUNDLE_LOADER = "$(TEST_HOST)";
				CODE_SIGN_STYLE = Automatic;
				DEVELOPMENT_TEAM = K2DHJK8V2P;
				INFOPLIST_FILE = ARKitWalkthroughTests/Info.plist;
				LD_RUNPATH_SEARCH_PATHS = (
					"$(inherited)",
					"@executable_path/Frameworks",
					"@loader_path/Frameworks",
				);
				PRODUCT_BUNDLE_IDENTIFIER = com.cognizant.cdbintspain.ARKitWalkthroughTests;
				PRODUCT_NAME = "$(TARGET_NAME)";
				SWIFT_VERSION = 5.0;
				TARGETED_DEVICE_FAMILY = "1,2";
				TEST_HOST = "$(BUILT_PRODUCTS_DIR)/ARKitWalkthrough.app/ARKitWalkthrough";
			};
			name = Release;
		};
/* End XCBuildConfiguration section */

/* Begin XCConfigurationList section */
		352A49512244C66400E2E0CB /* Build configuration list for PBXProject "ARKitWalkthrough" */ = {
			isa = XCConfigurationList;
			buildConfigurations = (
				352A49712244C66600E2E0CB /* Debug */,
				352A49722244C66600E2E0CB /* Release */,
			);
			defaultConfigurationIsVisible = 0;
			defaultConfigurationName = Release;
		};
		352A49732244C66600E2E0CB /* Build configuration list for PBXNativeTarget "ARKitWalkthrough" */ = {
			isa = XCConfigurationList;
			buildConfigurations = (
				352A49742244C66600E2E0CB /* Debug */,
				352A49752244C66600E2E0CB /* Release */,
			);
			defaultConfigurationIsVisible = 0;
			defaultConfigurationName = Release;
		};
		352A49762244C66600E2E0CB /* Build configuration list for PBXNativeTarget "ARKitWalkthroughTests" */ = {
			isa = XCConfigurationList;
			buildConfigurations = (
				352A49772244C66600E2E0CB /* Debug */,
				352A49782244C66600E2E0CB /* Release */,
			);
			defaultConfigurationIsVisible = 0;
			defaultConfigurationName = Release;
		};
/* End XCConfigurationList section */
	};
	rootObject = 352A494E2244C66400E2E0CB /* Project object */;
}
